# THIS IS AN AUTOGENERATED FILE. DO NOT EDIT THIS FILE DIRECTLY.
# yarn lockfile v1


adler-32@~1.2.0:
  version "1.2.0"
  resolved "https://registry.nlark.com/adler-32/download/adler-32-1.2.0.tgz?cache=0&sync_timestamp=1618767466531&other_urls=https%3A%2F%2Fregistry.nlark.com%2Fadler-32%2Fdownload%2Fadler-32-1.2.0.tgz#6a3e6bf0a63900ba15652808cb15c6813d1a5f25"
  integrity sha1-aj5r8KY5ALoVZSgIyxXGgT0aXyU=
  dependencies:
    exit-on-epipe "~1.0.1"
    printj "~1.1.0"

cfb@^1.1.4:
  version "1.2.0"
  resolved "https://registry.npm.taobao.org/cfb/download/cfb-1.2.0.tgz#6a4d0872b525ed60349e1ef51fb4b0bf73eca9a8"
  integrity sha1-ak0IcrUl7WA0nh71H7Swv3Psqag=
  dependencies:
    adler-32 "~1.2.0"
    crc-32 "~1.2.0"
    printj "~1.1.2"

codepage@~1.14.0:
  version "1.14.0"
  resolved "https://registry.npm.taobao.org/codepage/download/codepage-1.14.0.tgz#8cbe25481323559d7d307571b0fff91e7a1d2f99"
  integrity sha1-jL4lSBMjVZ19MHVxsP/5HnodL5k=
  dependencies:
    commander "~2.14.1"
    exit-on-epipe "~1.0.1"

commander@~2.14.1:
  version "2.14.1"
  resolved "https://registry.nlark.com/commander/download/commander-2.14.1.tgz?cache=0&other_urls=https%3A%2F%2Fregistry.nlark.com%2Fcommander%2Fdownload%2Fcommander-2.14.1.tgz#2235123e37af8ca3c65df45b026dbd357b01b9aa"
  integrity sha1-IjUSPjevjKPGXfRbAm29NXsBuao=

commander@~2.17.1:
  version "2.17.1"
  resolved "https://registry.nlark.com/commander/download/commander-2.17.1.tgz?cache=0&other_urls=https%3A%2F%2Fregistry.nlark.com%2Fcommander%2Fdownload%2Fcommander-2.17.1.tgz#bd77ab7de6de94205ceacc72f1716d29f20a77bf"
  integrity sha1-vXerfebelCBc6sxy8XFtKfIKd78=

crc-32@~1.2.0:
  version "1.2.0"
  resolved "https://registry.nlark.com/crc-32/download/crc-32-1.2.0.tgz#cb2db6e29b88508e32d9dd0ec1693e7b41a18208"
  integrity sha1-yy224puIUI4y2d0OwWk+e0Ghggg=
  dependencies:
    exit-on-epipe "~1.0.1"
    printj "~1.1.0"

exit-on-epipe@~1.0.1:
  version "1.0.1"
  resolved "https://registry.npm.taobao.org/exit-on-epipe/download/exit-on-epipe-1.0.1.tgz#0bdd92e87d5285d267daa8171d0eb06159689692"
  integrity sha1-C92S6H1ShdJn2qgXHQ6wYVlolpI=

fflate@^0.3.8:
  version "0.3.11"
  resolved "https://registry.nlark.com/fflate/download/fflate-0.3.11.tgz#2c440d7180fdeb819e64898d8858af327b042a5d"
  integrity sha1-LEQNcYD964GeZImNiFivMnsEKl0=

frac@~1.1.2:
  version "1.1.2"
  resolved "https://registry.nlark.com/frac/download/frac-1.1.2.tgz#3d74f7f6478c88a1b5020306d747dc6313c74d0b"
  integrity sha1-PXT39keMiKG1AgMG10fcYxPHTQs=

isomorphic-fetch@^3.0.0:
  version "3.0.0"
  resolved "https://registry.npm.taobao.org/isomorphic-fetch/download/isomorphic-fetch-3.0.0.tgz?cache=0&sync_timestamp=1600844317475&other_urls=https%3A%2F%2Fregistry.npm.taobao.org%2Fisomorphic-fetch%2Fdownload%2Fisomorphic-fetch-3.0.0.tgz#0267b005049046d2421207215d45d6a262b8b8b4"
  integrity sha1-AmewBQSQRtJCEgchXUXWomK4uLQ=
  dependencies:
    node-fetch "^2.6.1"
    whatwg-fetch "^3.4.1"

node-bin-setup@^1.0.0:
  version "1.0.6"
  resolved "https://registry.nlark.com/node-bin-setup/download/node-bin-setup-1.0.6.tgz#4b5c9bb937ece702d7069b36ca78af4684677528"
  integrity sha1-S1ybuTfs5wLXBps2ynivRoRndSg=

node-fetch@^2.6.1:
  version "2.6.1"
  resolved "https://registry.npm.taobao.org/node-fetch/download/node-fetch-2.6.1.tgz?cache=0&sync_timestamp=1599309206591&other_urls=https%3A%2F%2Fregistry.npm.taobao.org%2Fnode-fetch%2Fdownload%2Fnode-fetch-2.6.1.tgz#045bd323631f76ed2e2b55573394416b639a0052"
  integrity sha1-BFvTI2Mfdu0uK1VXM5RBa2OaAFI=

node@^16.4.0:
  version "16.4.0"
  resolved "https://registry.nlark.com/node/download/node-16.4.0.tgz#da25fc334804d4043d99ccf39371ebefd6ccf047"
  integrity sha1-2iX8M0gE1AQ9mczzk3Hr79bM8Ec=
  dependencies:
    node-bin-setup "^1.0.0"

printj@~1.1.0, printj@~1.1.2:
  version "1.1.2"
  resolved "https://registry.npm.taobao.org/printj/download/printj-1.1.2.tgz#d90deb2975a8b9f600fb3a1c94e3f4c53c78a222"
  integrity sha1-2Q3rKXWoufYA+zoclOP0xTx4oiI=

ssf@~0.11.2:
  version "0.11.2"
  resolved "https://registry.nlark.com/ssf/download/ssf-0.11.2.tgz#0b99698b237548d088fc43cdf2b70c1a7512c06c"
  integrity sha1-C5lpiyN1SNCI/EPN8rcMGnUSwGw=
  dependencies:
    frac "~1.1.2"

whatwg-fetch@^3.4.1, whatwg-fetch@^3.5.0:
  version "3.5.0"
  resolved "https://registry.npm.taobao.org/whatwg-fetch/download/whatwg-fetch-3.5.0.tgz?cache=0&sync_timestamp=1604658596815&other_urls=https%3A%2F%2Fregistry.npm.taobao.org%2Fwhatwg-fetch%2Fdownload%2Fwhatwg-fetch-3.5.0.tgz#605a2cd0a7146e5db141e29d1c62ab84c0c4c868"
  integrity sha1-YFos0KcUbl2xQeKdHGKrhMDEyGg=

wmf@~1.0.1:
  version "1.0.2"
  resolved "https://registry.nlark.com/wmf/download/wmf-1.0.2.tgz#7d19d621071a08c2bdc6b7e688a9c435298cc2da"
  integrity sha1-fRnWIQcaCMK9xrfmiKnENSmMwto=

word@~0.3.0:
  version "0.3.0"
  resolved "https://registry.nlark.com/word/download/word-0.3.0.tgz#8542157e4f8e849f4a363a288992d47612db9961"
  integrity sha1-hUIVfk+OhJ9KNjooiZLUdhLbmWE=

xlsx@^0.17.0:
  version "0.17.0"
  resolved "https://registry.nlark.com/xlsx/download/xlsx-0.17.0.tgz#028176a0140967dcee1817d221678461e47481c8"
  integrity sha1-AoF2oBQJZ9zuGBfSIWeEYeR0gcg=
  dependencies:
    adler-32 "~1.2.0"
    cfb "^1.1.4"
    codepage "~1.14.0"
    commander "~2.17.1"
    crc-32 "~1.2.0"
    exit-on-epipe "~1.0.1"
    fflate "^0.3.8"
    ssf "~0.11.2"
    wmf "~1.0.1"
    word "~0.3.0"
