# THIS IS AN AUTOGENERATED FILE. DO NOT EDIT THIS FILE DIRECTLY.
# yarn lockfile v1


isomorphic-fetch@^3.0.0:
  version "3.0.0"
  resolved "https://registry.npm.taobao.org/isomorphic-fetch/download/isomorphic-fetch-3.0.0.tgz?cache=0&sync_timestamp=1600844317475&other_urls=https%3A%2F%2Fregistry.npm.taobao.org%2Fisomorphic-fetch%2Fdownload%2Fisomorphic-fetch-3.0.0.tgz#0267b005049046d2421207215d45d6a262b8b8b4"
  integrity sha1-AmewBQSQRtJCEgchXUXWomK4uLQ=
  dependencies:
    node-fetch "^2.6.1"
    whatwg-fetch "^3.4.1"

node-fetch@^2.6.1:
  version "2.6.1"
  resolved "https://registry.npm.taobao.org/node-fetch/download/node-fetch-2.6.1.tgz?cache=0&sync_timestamp=1599309206591&other_urls=https%3A%2F%2Fregistry.npm.taobao.org%2Fnode-fetch%2Fdownload%2Fnode-fetch-2.6.1.tgz#045bd323631f76ed2e2b55573394416b639a0052"
  integrity sha1-BFvTI2Mfdu0uK1VXM5RBa2OaAFI=

whatwg-fetch@^3.4.1, whatwg-fetch@^3.5.0:
  version "3.5.0"
  resolved "https://registry.npm.taobao.org/whatwg-fetch/download/whatwg-fetch-3.5.0.tgz?cache=0&sync_timestamp=1604658596815&other_urls=https%3A%2F%2Fregistry.npm.taobao.org%2Fwhatwg-fetch%2Fdownload%2Fwhatwg-fetch-3.5.0.tgz#605a2cd0a7146e5db141e29d1c62ab84c0c4c868"
  integrity sha1-YFos0KcUbl2xQeKdHGKrhMDEyGg=
